
Microsoft Visual Studio Solution File, Format Version 12.00
# Visual Studio Version 17
VisualStudioVersion = 17.5.002.0
MinimumVisualStudioVersion = 10.0.40219.1
Project("{9A19103F-16F7-4668-BE54-9A1E7A4F7556}") = "MyServer", "MyServer\MyServer.csproj", "{9137B458-3BA2-4EBB-9D18-878C557D8F64}"
EndProject
Global
	GlobalSection(SolutionConfigurationPlatforms) = preSolution
		Debug|Any CPU = Debug|Any CPU
		Release|Any CPU = Release|Any CPU
	EndGlobalSection
	GlobalSection(ProjectConfigurationPlatforms) = postSolution
		{9137B458-3BA2-4EBB-9D18-878C557D8F64}.Debug|Any CPU.ActiveCfg = Debug|Any CPU
		{9137B458-3BA2-4EBB-9D18-878C557D8F64}.Debug|Any CPU.Build.0 = Debug|Any CPU
		{9137B458-3BA2-4EBB-9D18-878C557D8F64}.Release|Any CPU.ActiveCfg = Release|Any CPU
		{9137B458-3BA2-4EBB-9D18-878C557D8F64}.Release|Any CPU.Build.0 = Release|Any CPU
	EndGlobalSection
	GlobalSection(SolutionProperties) = preSolution
		HideSolutionNode = FALSE
	EndGlobalSection
	GlobalSection(ExtensibilityGlobals) = postSolution
		SolutionGuid = {D7575C88-8D0F-42B7-8F58-79C89C834A61}
	EndGlobalSection
EndGlobal
